
Microsoft Visual Studio Solution File, Format Version 12.00
# Visual Studio Version 17
VisualStudioVersion = 17.7.34024.191
MinimumVisualStudioVersion = 10.0.40219.1
Project("{FAE04EC0-301F-11D3-BF4B-00C04F79EFBC}") = "ConsoleChatUDP", "ConsoleChatUDP.csproj", "{602703E8-5215-4730-B7BD-221AF5E0D43E}"
EndProject
Global
	GlobalSection(SolutionConfigurationPlatforms) = preSolution
		Debug|Any CPU = Debug|Any CPU
		Release|Any CPU = Release|Any CPU
	EndGlobalSection
	GlobalSection(ProjectConfigurationPlatforms) = postSolution
		{602703E8-5215-4730-B7BD-221AF5E0D43E}.Debug|Any CPU.ActiveCfg = Debug|Any CPU
		{602703E8-5215-4730-B7BD-221AF5E0D43E}.Debug|Any CPU.Build.0 = Debug|Any CPU
		{602703E8-5215-4730-B7BD-221AF5E0D43E}.Release|Any CPU.ActiveCfg = Release|Any CPU
		{602703E8-5215-4730-B7BD-221AF5E0D43E}.Release|Any CPU.Build.0 = Release|Any CPU
	EndGlobalSection
	GlobalSection(SolutionProperties) = preSolution
		HideSolutionNode = FALSE
	EndGlobalSection
	GlobalSection(ExtensibilityGlobals) = postSolution
		SolutionGuid = {F85B7AA5-4203-44B9-9F2F-4D170EC86063}
	EndGlobalSection
EndGlobal
